// !$*UTF8*$!
{
	archiveVersion = 1;
	classes = {
	};
	objectVersion = 56;
	objects = {

/* Begin PBXBuildFile section */
		D376F58E2B7ECFF700CE9F5E /* BetterBankApp.swift in Sources */ = {isa = PBXBuildFile; fileRef = D376F58D2B7ECFF700CE9F5E /* BetterBankApp.swift */; };
		D376F5902B7ECFF700CE9F5E /* ContentView.swift in Sources */ = {isa = PBXBuildFile; fileRef = D376F58F2B7ECFF700CE9F5E /* ContentView.swift */; };
		D376F5922B7ECFF800CE9F5E /* Assets.xcassets in Resources */ = {isa = PBXBuildFile; fileRef = D376F5912B7ECFF800CE9F5E /* Assets.xcassets */; };
		D376F5952B7ECFF800CE9F5E /* Preview Assets.xcassets in Resources */ = {isa = PBXBuildFile; fileRef = D376F5942B7ECFF800CE9F5E /* Preview Assets.xcassets */; };
		D376F59F2B7ECFF800CE9F5E /* BetterBankTests.swift in Sources */ = {isa = PBXBuildFile; fileRef = D376F59E2B7ECFF800CE9F5E /* BetterBankTests.swift */; };
		D376F5A92B7ECFF800CE9F5E /* BetterBankUITests.swift in Sources */ = {isa = PBXBuildFile; fileRef = D376F5A82B7ECFF800CE9F5E /* BetterBankUITests.swift */; };
		D376F5AB2B7ECFF800CE9F5E /* BetterBankUITestsLaunchTests.swift in Sources */ = {isa = PBXBuildFile; fileRef = D376F5AA2B7ECFF800CE9F5E /* BetterBankUITestsLaunchTests.swift */; };
/* End PBXBuildFile section */

/* Begin PBXContainerItemProxy section */
		D376F59B2B7ECFF800CE9F5E /* PBXContainerItemProxy */ = {
			isa = PBXContainerItemProxy;
			containerPortal = D376F5822B7ECFF700CE9F5E /* Project object */;
			proxyType = 1;
			remoteGlobalIDString = D376F5892B7ECFF700CE9F5E;
			remoteInfo = BetterBank;
		};
		D376F5A52B7ECFF800CE9F5E /* PBXContainerItemProxy */ = {
			isa = PBXContainerItemProxy;
			containerPortal = D376F5822B7ECFF700CE9F5E /* Project object */;
			proxyType = 1;
			remoteGlobalIDString = D376F5892B7ECFF700CE9F5E;
			remoteInfo = BetterBank;
		};
/* End PBXContainerItemProxy section */

/* Begin PBXFileReference section */
		D376F58A2B7ECFF700CE9F5E /* BetterBank.app */ = {isa = PBXFileReference; explicitFileType = wrapper.application; includeInIndex = 0; path = BetterBank.app; sourceTree = BUILT_PRODUCTS_DIR; };
		D376F58D2B7ECFF700CE9F5E /* BetterBankApp.swift */ = {isa = PBXFileReference; lastKnownFileType = sourcecode.swift; path = BetterBankApp.swift; sourceTree = "<group>"; };
		D376F58F2B7ECFF700CE9F5E /* ContentView.swift */ = {isa = PBXFileReference; lastKnownFileType = sourcecode.swift; path = ContentView.swift; sourceTree = "<group>"; };
		D376F5912B7ECFF800CE9F5E /* Assets.xcassets */ = {isa = PBXFileReference; lastKnownFileType = folder.assetcatalog; path = Assets.xcassets; sourceTree = "<group>"; };
		D376F5942B7ECFF800CE9F5E /* Preview Assets.xcassets */ = {isa = PBXFileReference; lastKnownFileType = folder.assetcatalog; path = "Preview Assets.xcassets"; sourceTree = "<group>"; };
		D376F59A2B7ECFF800CE9F5E /* BetterBankTests.xctest */ = {isa = PBXFileReference; explicitFileType = wrapper.cfbundle; includeInIndex = 0; path = BetterBankTests.xctest; sourceTree = BUILT_PRODUCTS_DIR; };
		D376F59E2B7ECFF800CE9F5E /* BetterBankTests.swift */ = {isa = PBXFileReference; lastKnownFileType = sourcecode.swift; path = BetterBankTests.swift; sourceTree = "<group>"; };
		D376F5A42B7ECFF800CE9F5E /* BetterBankUITests.xctest */ = {isa = PBXFileReference; explicitFileType = wrapper.cfbundle; includeInIndex = 0; path = BetterBankUITests.xctest; sourceTree = BUILT_PRODUCTS_DIR; };
		D376F5A82B7ECFF800CE9F5E /* BetterBankUITests.swift */ = {isa = PBXFileReference; lastKnownFileType = sourcecode.swift; path = BetterBankUITests.swift; sourceTree = "<group>"; };
		D376F5AA2B7ECFF800CE9F5E /* BetterBankUITestsLaunchTests.swift */ = {isa = PBXFileReference; lastKnownFileType = sourcecode.swift; path = BetterBankUITestsLaunchTests.swift; sourceTree = "<group>"; };
/* End PBXFileReference section */

/* Begin PBXFrameworksBuildPhase section */
		D376F5872B7ECFF700CE9F5E /* Frameworks */ = {
			isa = PBXFrameworksBuildPhase;
			buildActionMask = 2147483647;
			files = (
			);
			runOnlyForDeploymentPostprocessing = 0;
		};
		D376F5972B7ECFF800CE9F5E /* Frameworks */ = {
			isa = PBXFrameworksBuildPhase;
			buildActionMask = 2147483647;
			files = (
			);
			runOnlyForDeploymentPostprocessing = 0;
		};
		D376F5A12B7ECFF800CE9F5E /* Frameworks */ = {
			isa = PBXFrameworksBuildPhase;
			buildActionMask = 2147483647;
			files = (
			);
			runOnlyForDeploymentPostprocessing = 0;
		};
/* End PBXFrameworksBuildPhase section */

/* Begin PBXGroup section */
		D376F5812B7ECFF700CE9F5E = {
			isa = PBXGroup;
			children = (
				D376F58C2B7ECFF700CE9F5E /* BetterBank */,
				D376F59D2B7ECFF800CE9F5E /* BetterBankTests */,
				D376F5A72B7ECFF800CE9F5E /* BetterBankUITests */,
				D376F58B2B7ECFF700CE9F5E /* Products */,
			);
			sourceTree = "<group>";
		};
		D376F58B2B7ECFF700CE9F5E /* Products */ = {
			isa = PBXGroup;
			children = (
				D376F58A2B7ECFF700CE9F5E /* BetterBank.app */,
				D376F59A2B7ECFF800CE9F5E /* BetterBankTests.xctest */,
				D376F5A42B7ECFF800CE9F5E /* BetterBankUITests.xctest */,
			);
			name = Products;
			sourceTree = "<group>";
		};
		D376F58C2B7ECFF700CE9F5E /* BetterBank */ = {
			isa = PBXGroup;
			children = (
				D376F58D2B7ECFF700CE9F5E /* BetterBankApp.swift */,
				D376F58F2B7ECFF700CE9F5E /* ContentView.swift */,
				D376F5912B7ECFF800CE9F5E /* Assets.xcassets */,
				D376F5932B7ECFF800CE9F5E /* Preview Content */,
			);
			path = BetterBank;
			sourceTree = "<group>";
		};
		D376F5932B7ECFF800CE9F5E /* Preview Content */ = {
			isa = PBXGroup;
			children = (
				D376F5942B7ECFF800CE9F5E /* Preview Assets.xcassets */,
			);
			path = "Preview Content";
			sourceTree = "<group>";
		};
		D376F59D2B7ECFF800CE9F5E /* BetterBankTests */ = {
			isa = PBXGroup;
			children = (
				D376F59E2B7ECFF800CE9F5E /* BetterBankTests.swift */,
			);
			path = BetterBankTests;
			sourceTree = "<group>";
		};
		D376F5A72B7ECFF800CE9F5E /* BetterBankUITests */ = {
			isa = PBXGroup;
			children = (
				D376F5A82B7ECFF800CE9F5E /* BetterBankUITests.swift */,
				D376F5AA2B7ECFF800CE9F5E /* BetterBankUITestsLaunchTests.swift */,
			);
			path = BetterBankUITests;
			sourceTree = "<group>";
		};
/* End PBXGroup section */

/* Begin PBXNativeTarget section */
		D376F5892B7ECFF700CE9F5E /* BetterBank */ = {
			isa = PBXNativeTarget;
			buildConfigurationList = D376F5AE2B7ECFF800CE9F5E /* Build configuration list for PBXNativeTarget "BetterBank" */;
			buildPhases = (
				D376F5862B7ECFF700CE9F5E /* Sources */,
				D376F5872B7ECFF700CE9F5E /* Frameworks */,
				D376F5882B7ECFF700CE9F5E /* Resources */,
			);
			buildRules = (
			);
			dependencies = (
			);
			name = BetterBank;
			productName = BetterBank;
			productReference = D376F58A2B7ECFF700CE9F5E /* BetterBank.app */;
			productType = "com.apple.product-type.application";
		};
		D376F5992B7ECFF800CE9F5E /* BetterBankTests */ = {
			isa = PBXNativeTarget;
			buildConfigurationList = D376F5B12B7ECFF800CE9F5E /* Build configuration list for PBXNativeTarget "BetterBankTests" */;
			buildPhases = (
				D376F5962B7ECFF800CE9F5E /* Sources */,
				D376F5972B7ECFF800CE9F5E /* Frameworks */,
				D376F5982B7ECFF800CE9F5E /* Resources */,
			);
			buildRules = (
			);
			dependencies = (
				D376F59C2B7ECFF800CE9F5E /* PBXTargetDependency */,
			);
			name = BetterBankTests;
			productName = BetterBankTests;
			productReference = D376F59A2B7ECFF800CE9F5E /* BetterBankTests.xctest */;
			productType = "com.apple.product-type.bundle.unit-test";
		};
		D376F5A32B7ECFF800CE9F5E /* BetterBankUITests */ = {
			isa = PBXNativeTarget;
			buildConfigurationList = D376F5B42B7ECFF800CE9F5E /* Build configuration list for PBXNativeTarget "BetterBankUITests" */;
			buildPhases = (
				D376F5A02B7ECFF800CE9F5E /* Sources */,
				D376F5A12B7ECFF800CE9F5E /* Frameworks */,
				D376F5A22B7ECFF800CE9F5E /* Resources */,
			);
			buildRules = (
			);
			dependencies = (
				D376F5A62B7ECFF800CE9F5E /* PBXTargetDependency */,
			);
			name = BetterBankUITests;
			productName = BetterBankUITests;
			productReference = D376F5A42B7ECFF800CE9F5E /* BetterBankUITests.xctest */;
			productType = "com.apple.product-type.bundle.ui-testing";
		};
/* End PBXNativeTarget section */

/* Begin PBXProject section */
		D376F5822B7ECFF700CE9F5E /* Project object */ = {
			isa = PBXProject;
			attributes = {
				BuildIndependentTargetsInParallel = 1;
				LastSwiftUpdateCheck = 1520;
				LastUpgradeCheck = 1520;
				TargetAttributes = {
					D376F5892B7ECFF700CE9F5E = {
						CreatedOnToolsVersion = 15.2;
					};
					D376F5992B7ECFF800CE9F5E = {
						CreatedOnToolsVersion = 15.2;
						TestTargetID = D376F5892B7ECFF700CE9F5E;
					};
					D376F5A32B7ECFF800CE9F5E = {
						CreatedOnToolsVersion = 15.2;
						TestTargetID = D376F5892B7ECFF700CE9F5E;
					};
				};
			};
			buildConfigurationList = D376F5852B7ECFF700CE9F5E /* Build configuration list for PBXProject "BetterBank" */;
			compatibilityVersion = "Xcode 14.0";
			developmentRegion = en;
			hasScannedForEncodings = 0;
			knownRegions = (
				en,
				Base,
			);
			mainGroup = D376F5812B7ECFF700CE9F5E;
			productRefGroup = D376F58B2B7ECFF700CE9F5E /* Products */;
			projectDirPath = "";
			projectRoot = "";
			targets = (
				D376F5892B7ECFF700CE9F5E /* BetterBank */,
				D376F5992B7ECFF800CE9F5E /* BetterBankTests */,
				D376F5A32B7ECFF800CE9F5E /* BetterBankUITests */,
			);
		};
/* End PBXProject section */

/* Begin PBXResourcesBuildPhase section */
		D376F5882B7ECFF700CE9F5E /* Resources */ = {
			isa = PBXResourcesBuildPhase;
			buildActionMask = 2147483647;
			files = (
				D376F5952B7ECFF800CE9F5E /* Preview Assets.xcassets in Resources */,
				D376F5922B7ECFF800CE9F5E /* Assets.xcassets in Resources */,
			);
			runOnlyForDeploymentPostprocessing = 0;
		};
		D376F5982B7ECFF800CE9F5E /* Resources */ = {
			isa = PBXResourcesBuildPhase;
			buildActionMask = 2147483647;
			files = (
			);
			runOnlyForDeploymentPostprocessing = 0;
		};
		D376F5A22B7ECFF800CE9F5E /* Resources */ = {
			isa = PBXResourcesBuildPhase;
			buildActionMask = 2147483647;
			files = (
			);
			runOnlyForDeploymentPostprocessing = 0;
		};
/* End PBXResourcesBuildPhase section */

/* Begin PBXSourcesBuildPhase section */
		D376F5862B7ECFF700CE9F5E /* Sources */ = {
			isa = PBXSourcesBuildPhase;
			buildActionMask = 2147483647;
			files = (
				D376F5902B7ECFF700CE9F5E /* ContentView.swift in Sources */,
				D376F58E2B7ECFF700CE9F5E /* BetterBankApp.swift in Sources */,
			);
			runOnlyForDeploymentPostprocessing = 0;
		};
		D376F5962B7ECFF800CE9F5E /* Sources */ = {
			isa = PBXSourcesBuildPhase;
			buildActionMask = 2147483647;
			files = (
				D376F59F2B7ECFF800CE9F5E /* BetterBankTests.swift in Sources */,
			);
			runOnlyForDeploymentPostprocessing = 0;
		};
		D376F5A02B7ECFF800CE9F5E /* Sources */ = {
			isa = PBXSourcesBuildPhase;
			buildActionMask = 2147483647;
			files = (
				D376F5AB2B7ECFF800CE9F5E /* BetterBankUITestsLaunchTests.swift in Sources */,
				D376F5A92B7ECFF800CE9F5E /* BetterBankUITests.swift in Sources */,
			);
			runOnlyForDeploymentPostprocessing = 0;
		};
/* End PBXSourcesBuildPhase section */

/* Begin PBXTargetDependency section */
		D376F59C2B7ECFF800CE9F5E /* PBXTargetDependency */ = {
			isa = PBXTargetDependency;
			target = D376F5892B7ECFF700CE9F5E /* BetterBank */;
			targetProxy = D376F59B2B7ECFF800CE9F5E /* PBXContainerItemProxy */;
		};
		D376F5A62B7ECFF800CE9F5E /* PBXTargetDependency */ = {
			isa = PBXTargetDependency;
			target = D376F5892B7ECFF700CE9F5E /* BetterBank */;
			targetProxy = D376F5A52B7ECFF800CE9F5E /* PBXContainerItemProxy */;
		};
/* End PBXTargetDependency section */

/* Begin XCBuildConfiguration section */
		D376F5AC2B7ECFF800CE9F5E /* Debug */ = {
			isa = XCBuildConfiguration;
			buildSettings = {
				ALWAYS_SEARCH_USER_PATHS = NO;
				ASSETCATALOG_COMPILER_GENERATE_SWIFT_ASSET_SYMBOL_EXTENSIONS = YES;
				CLANG_ANALYZER_NONNULL = YES;
				CLANG_ANALYZER_NUMBER_OBJECT_CONVERSION = YES_AGGRESSIVE;
				CLANG_CXX_LANGUAGE_STANDARD = "gnu++20";
				CLANG_ENABLE_MODULES = YES;
				CLANG_ENABLE_OBJC_ARC = YES;
				CLANG_ENABLE_OBJC_WEAK = YES;
				CLANG_WARN_BLOCK_CAPTURE_AUTORELEASING = YES;
				CLANG_WARN_BOOL_CONVERSION = YES;
				CLANG_WARN_COMMA = YES;
				CLANG_WARN_CONSTANT_CONVERSION = YES;
				CLANG_WARN_DEPRECATED_OBJC_IMPLEMENTATIONS = YES;
				CLANG_WARN_DIRECT_OBJC_ISA_USAGE = YES_ERROR;
				CLANG_WARN_DOCUMENTATION_COMMENTS = YES;
				CLANG_WARN_EMPTY_BODY = YES;
				CLANG_WARN_ENUM_CONVERSION = YES;
				CLANG_WARN_INFINITE_RECURSION = YES;
				CLANG_WARN_INT_CONVERSION = YES;
				CLANG_WARN_NON_LITERAL_NULL_CONVERSION = YES;
				CLANG_WARN_OBJC_IMPLICIT_RETAIN_SELF = YES;
				CLANG_WARN_OBJC_LITERAL_CONVERSION = YES;
				CLANG_WARN_OBJC_ROOT_CLASS = YES_ERROR;
				CLANG_WARN_QUOTED_INCLUDE_IN_FRAMEWORK_HEADER = YES;
				CLANG_WARN_RANGE_LOOP_ANALYSIS = YES;
				CLANG_WARN_STRICT_PROTOTYPES = YES;
				CLANG_WARN_SUSPICIOUS_MOVE = YES;
				CLANG_WARN_UNGUARDED_AVAILABILITY = YES_AGGRESSIVE;
				CLANG_WARN_UNREACHABLE_CODE = YES;
				CLANG_WARN__DUPLICATE_METHOD_MATCH = YES;
				COPY_PHASE_STRIP = NO;
				DEBUG_INFORMATION_FORMAT = dwarf;
				ENABLE_STRICT_OBJC_MSGSEND = YES;
				ENABLE_TESTABILITY = YES;
				ENABLE_USER_SCRIPT_SANDBOXING = YES;
				GCC_C_LANGUAGE_STANDARD = gnu17;
				GCC_DYNAMIC_NO_PIC = NO;
				GCC_NO_COMMON_BLOCKS = YES;
				GCC_OPTIMIZATION_LEVEL = 0;
				GCC_PREPROCESSOR_DEFINITIONS = (
					"DEBUG=1",
					"$(inherited)",
				);
				GCC_WARN_64_TO_32_BIT_CONVERSION = YES;
				GCC_WARN_ABOUT_RETURN_TYPE = YES_ERROR;
				GCC_WARN_UNDECLARED_SELECTOR = YES;
				GCC_WARN_UNINITIALIZED_AUTOS = YES_AGGRESSIVE;
				GCC_WARN_UNUSED_FUNCTION = YES;
				GCC_WARN_UNUSED_VARIABLE = YES;
				IPHONEOS_DEPLOYMENT_TARGET = 17.2;
				LOCALIZATION_PREFERS_STRING_CATALOGS = YES;
				MTL_ENABLE_DEBUG_INFO = INCLUDE_SOURCE;
				MTL_FAST_MATH = YES;
				ONLY_ACTIVE_ARCH = YES;
				SDKROOT = iphoneos;
				SWIFT_ACTIVE_COMPILATION_CONDITIONS = "DEBUG $(inherited)";
				SWIFT_OPTIMIZATION_LEVEL = "-Onone";
			};
			name = Debug;
		};
		D376F5AD2B7ECFF800CE9F5E /* Release */ = {
			isa = XCBuildConfiguration;
			buildSettings = {
				ALWAYS_SEARCH_USER_PATHS = NO;
				ASSETCATALOG_COMPILER_GENERATE_SWIFT_ASSET_SYMBOL_EXTENSIONS = YES;
				CLANG_ANALYZER_NONNULL = YES;
				CLANG_ANALYZER_NUMBER_OBJECT_CONVERSION = YES_AGGRESSIVE;
				CLANG_CXX_LANGUAGE_STANDARD = "gnu++20";
				CLANG_ENABLE_MODULES = YES;
				CLANG_ENABLE_OBJC_ARC = YES;
				CLANG_ENABLE_OBJC_WEAK = YES;
				CLANG_WARN_BLOCK_CAPTURE_AUTORELEASING = YES;
				CLANG_WARN_BOOL_CONVERSION = YES;
				CLANG_WARN_COMMA = YES;
				CLANG_WARN_CONSTANT_CONVERSION = YES;
				CLANG_WARN_DEPRECATED_OBJC_IMPLEMENTATIONS = YES;
				CLANG_WARN_DIRECT_OBJC_ISA_USAGE = YES_ERROR;
				CLANG_WARN_DOCUMENTATION_COMMENTS = YES;
				CLANG_WARN_EMPTY_BODY = YES;
				CLANG_WARN_ENUM_CONVERSION = YES;
				CLANG_WARN_INFINITE_RECURSION = YES;
				CLANG_WARN_INT_CONVERSION = YES;
				CLANG_WARN_NON_LITERAL_NULL_CONVERSION = YES;
				CLANG_WARN_OBJC_IMPLICIT_RETAIN_SELF = YES;
				CLANG_WARN_OBJC_LITERAL_CONVERSION = YES;
				CLANG_WARN_OBJC_ROOT_CLASS = YES_ERROR;
				CLANG_WARN_QUOTED_INCLUDE_IN_FRAMEWORK_HEADER = YES;
				CLANG_WARN_RANGE_LOOP_ANALYSIS = YES;
				CLANG_WARN_STRICT_PROTOTYPES = YES;
				CLANG_WARN_SUSPICIOUS_MOVE = YES;
				CLANG_WARN_UNGUARDED_AVAILABILITY = YES_AGGRESSIVE;
				CLANG_WARN_UNREACHABLE_CODE = YES;
				CLANG_WARN__DUPLICATE_METHOD_MATCH = YES;
				COPY_PHASE_STRIP = NO;
				DEBUG_INFORMATION_FORMAT = "dwarf-with-dsym";
				ENABLE_NS_ASSERTIONS = NO;
				ENABLE_STRICT_OBJC_MSGSEND = YES;
				ENABLE_USER_SCRIPT_SANDBOXING = YES;
				GCC_C_LANGUAGE_STANDARD = gnu17;
				GCC_NO_COMMON_BLOCKS = YES;
				GCC_WARN_64_TO_32_BIT_CONVERSION = YES;
				GCC_WARN_ABOUT_RETURN_TYPE = YES_ERROR;
				GCC_WARN_UNDECLARED_SELECTOR = YES;
				GCC_WARN_UNINITIALIZED_AUTOS = YES_AGGRESSIVE;
				GCC_WARN_UNUSED_FUNCTION = YES;
				GCC_WARN_UNUSED_VARIABLE = YES;
				IPHONEOS_DEPLOYMENT_TARGET = 17.2;
				LOCALIZATION_PREFERS_STRING_CATALOGS = YES;
				MTL_ENABLE_DEBUG_INFO = NO;
				MTL_FAST_MATH = YES;
				SDKROOT = iphoneos;
				SWIFT_COMPILATION_MODE = wholemodule;
				VALIDATE_PRODUCT = YES;
			};
			name = Release;
		};
		D376F5AF2B7ECFF800CE9F5E /* Debug */ = {
			isa = XCBuildConfiguration;
			buildSettings = {
				ASSETCATALOG_COMPILER_APPICON_NAME = AppIcon;
				ASSETCATALOG_COMPILER_GLOBAL_ACCENT_COLOR_NAME = AccentColor;
				CODE_SIGN_STYLE = Automatic;
				CURRENT_PROJECT_VERSION = 1;
				DEVELOPMENT_ASSET_PATHS = "\"BetterBank/Preview Content\"";
				ENABLE_PREVIEWS = YES;
				GENERATE_INFOPLIST_FILE = YES;
				INFOPLIST_KEY_UIApplicationSceneManifest_Generation = YES;
				INFOPLIST_KEY_UIApplicationSupportsIndirectInputEvents = YES;
				INFOPLIST_KEY_UILaunchScreen_Generation = YES;
				INFOPLIST_KEY_UISupportedInterfaceOrientations_iPad = "UIInterfaceOrientationPortrait UIInterfaceOrientationPortraitUpsideDown UIInterfaceOrientationLandscapeLeft UIInterfaceOrientationLandscapeRight";
				INFOPLIST_KEY_UISupportedInterfaceOrientations_iPhone = "UIInterfaceOrientationPortrait UIInterfaceOrientationLandscapeLeft UIInterfaceOrientationLandscapeRight";
				LD_RUNPATH_SEARCH_PATHS = (
					"$(inherited)",
					"@executable_path/Frameworks",
				);
				MARKETING_VERSION = 1.0;
				PRODUCT_BUNDLE_IDENTIFIER = LenZuro.BetterBank;
				PRODUCT_NAME = "$(TARGET_NAME)";
				SWIFT_EMIT_LOC_STRINGS = YES;
				SWIFT_VERSION = 5.0;
				TARGETED_DEVICE_FAMILY = "1,2";
			};
			name = Debug;
		};
		D376F5B02B7ECFF800CE9F5E /* Release */ = {
			isa = XCBuildConfiguration;
			buildSettings = {
				ASSETCATALOG_COMPILER_APPICON_NAME = AppIcon;
				ASSETCATALOG_COMPILER_GLOBAL_ACCENT_COLOR_NAME = AccentColor;
				CODE_SIGN_STYLE = Automatic;
				CURRENT_PROJECT_VERSION = 1;
				DEVELOPMENT_ASSET_PATHS = "\"BetterBank/Preview Content\"";
				ENABLE_PREVIEWS = YES;
				GENERATE_INFOPLIST_FILE = YES;
				INFOPLIST_KEY_UIApplicationSceneManifest_Generation = YES;
				INFOPLIST_KEY_UIApplicationSupportsIndirectInputEvents = YES;
				INFOPLIST_KEY_UILaunchScreen_Generation = YES;
				INFOPLIST_KEY_UISupportedInterfaceOrientations_iPad = "UIInterfaceOrientationPortrait UIInterfaceOrientationPortraitUpsideDown UIInterfaceOrientationLandscapeLeft UIInterfaceOrientationLandscapeRight";
				INFOPLIST_KEY_UISupportedInterfaceOrientations_iPhone = "UIInterfaceOrientationPortrait UIInterfaceOrientationLandscapeLeft UIInterfaceOrientationLandscapeRight";
				LD_RUNPATH_SEARCH_PATHS = (
					"$(inherited)",
					"@executable_path/Frameworks",
				);
				MARKETING_VERSION = 1.0;
				PRODUCT_BUNDLE_IDENTIFIER = LenZuro.BetterBank;
				PRODUCT_NAME = "$(TARGET_NAME)";
				SWIFT_EMIT_LOC_STRINGS = YES;
				SWIFT_VERSION = 5.0;
				TARGETED_DEVICE_FAMILY = "1,2";
			};
			name = Release;
		};
		D376F5B22B7ECFF800CE9F5E /* Debug */ = {
			isa = XCBuildConfiguration;
			buildSettings = {
				ALWAYS_EMBED_SWIFT_STANDARD_LIBRARIES = YES;
				BUNDLE_LOADER = "$(TEST_HOST)";
				CODE_SIGN_STYLE = Automatic;
				CURRENT_PROJECT_VERSION = 1;
				GENERATE_INFOPLIST_FILE = YES;
				IPHONEOS_DEPLOYMENT_TARGET = 17.2;
				MARKETING_VERSION = 1.0;
				PRODUCT_BUNDLE_IDENTIFIER = LenZuro.BetterBankTests;
				PRODUCT_NAME = "$(TARGET_NAME)";
				SWIFT_EMIT_LOC_STRINGS = NO;
				SWIFT_VERSION = 5.0;
				TARGETED_DEVICE_FAMILY = "1,2";
				TEST_HOST = "$(BUILT_PRODUCTS_DIR)/BetterBank.app/$(BUNDLE_EXECUTABLE_FOLDER_PATH)/BetterBank";
			};
			name = Debug;
		};
		D376F5B32B7ECFF800CE9F5E /* Release */ = {
			isa = XCBuildConfiguration;
			buildSettings = {
				ALWAYS_EMBED_SWIFT_STANDARD_LIBRARIES = YES;
				BUNDLE_LOADER = "$(TEST_HOST)";
				CODE_SIGN_STYLE = Automatic;
				CURRENT_PROJECT_VERSION = 1;
				GENERATE_INFOPLIST_FILE = YES;
				IPHONEOS_DEPLOYMENT_TARGET = 17.2;
				MARKETING_VERSION = 1.0;
				PRODUCT_BUNDLE_IDENTIFIER = LenZuro.BetterBankTests;
				PRODUCT_NAME = "$(TARGET_NAME)";
				SWIFT_EMIT_LOC_STRINGS = NO;
				SWIFT_VERSION = 5.0;
				TARGETED_DEVICE_FAMILY = "1,2";
				TEST_HOST = "$(BUILT_PRODUCTS_DIR)/BetterBank.app/$(BUNDLE_EXECUTABLE_FOLDER_PATH)/BetterBank";
			};
			name = Release;
		};
		D376F5B52B7ECFF800CE9F5E /* Debug */ = {
			isa = XCBuildConfiguration;
			buildSettings = {
				ALWAYS_EMBED_SWIFT_STANDARD_LIBRARIES = YES;
				CODE_SIGN_STYLE = Automatic;
				CURRENT_PROJECT_VERSION = 1;
				GENERATE_INFOPLIST_FILE = YES;
				MARKETING_VERSION = 1.0;
				PRODUCT_BUNDLE_IDENTIFIER = LenZuro.BetterBankUITests;
				PRODUCT_NAME = "$(TARGET_NAME)";
				SWIFT_EMIT_LOC_STRINGS = NO;
				SWIFT_VERSION = 5.0;
				TARGETED_DEVICE_FAMILY = "1,2";
				TEST_TARGET_NAME = BetterBank;
			};
			name = Debug;
		};
		D376F5B62B7ECFF800CE9F5E /* Release */ = {
			isa = XCBuildConfiguration;
			buildSettings = {
				ALWAYS_EMBED_SWIFT_STANDARD_LIBRARIES = YES;
				CODE_SIGN_STYLE = Automatic;
				CURRENT_PROJECT_VERSION = 1;
				GENERATE_INFOPLIST_FILE = YES;
				MARKETING_VERSION = 1.0;
				PRODUCT_BUNDLE_IDENTIFIER = LenZuro.BetterBankUITests;
				PRODUCT_NAME = "$(TARGET_NAME)";
				SWIFT_EMIT_LOC_STRINGS = NO;
				SWIFT_VERSION = 5.0;
				TARGETED_DEVICE_FAMILY = "1,2";
				TEST_TARGET_NAME = BetterBank;
			};
			name = Release;
		};
/* End XCBuildConfiguration section */

/* Begin XCConfigurationList section */
		D376F5852B7ECFF700CE9F5E /* Build configuration list for PBXProject "BetterBank" */ = {
			isa = XCConfigurationList;
			buildConfigurations = (
				D376F5AC2B7ECFF800CE9F5E /* Debug */,
				D376F5AD2B7ECFF800CE9F5E /* Release */,
			);
			defaultConfigurationIsVisible = 0;
			defaultConfigurationName = Release;
		};
		D376F5AE2B7ECFF800CE9F5E /* Build configuration list for PBXNativeTarget "BetterBank" */ = {
			isa = XCConfigurationList;
			buildConfigurations = (
				D376F5AF2B7ECFF800CE9F5E /* Debug */,
				D376F5B02B7ECFF800CE9F5E /* Release */,
			);
			defaultConfigurationIsVisible = 0;
			defaultConfigurationName = Release;
		};
		D376F5B12B7ECFF800CE9F5E /* Build configuration list for PBXNativeTarget "BetterBankTests" */ = {
			isa = XCConfigurationList;
			buildConfigurations = (
				D376F5B22B7ECFF800CE9F5E /* Debug */,
				D376F5B32B7ECFF800CE9F5E /* Release */,
			);
			defaultConfigurationIsVisible = 0;
			defaultConfigurationName = Release;
		};
		D376F5B42B7ECFF800CE9F5E /* Build configuration list for PBXNativeTarget "BetterBankUITests" */ = {
			isa = XCConfigurationList;
			buildConfigurations = (
				D376F5B52B7ECFF800CE9F5E /* Debug */,
				D376F5B62B7ECFF800CE9F5E /* Release */,
			);
			defaultConfigurationIsVisible = 0;
			defaultConfigurationName = Release;
		};
/* End XCConfigurationList section */
	};
	rootObject = D376F5822B7ECFF700CE9F5E /* Project object */;
}
